
Microsoft Visual Studio Solution File, Format Version 12.00
# Visual Studio Version 17
VisualStudioVersion = 17.13.35806.99 d17.13
MinimumVisualStudioVersion = 10.0.40219.1
Project("{FAE04EC0-301F-11D3-BF4B-00C04F79EFBC}") = "Skinalyze.API", "Skinalyze.API.csproj", "{298AC384-F4C0-4A3A-9652-5B9C3C218324}"
EndProject
Global
	GlobalSection(SolutionConfigurationPlatforms) = preSolution
		Debug|Any CPU = Debug|Any CPU
		Release|Any CPU = Release|Any CPU
	EndGlobalSection
	GlobalSection(ProjectConfigurationPlatforms) = postSolution
		{298AC384-F4C0-4A3A-9652-5B9C3C218324}.Debug|Any CPU.ActiveCfg = Debug|Any CPU
		{298AC384-F4C0-4A3A-9652-5B9C3C218324}.Debug|Any CPU.Build.0 = Debug|Any CPU
		{298AC384-F4C0-4A3A-9652-5B9C3C218324}.Release|Any CPU.ActiveCfg = Release|Any CPU
		{298AC384-F4C0-4A3A-9652-5B9C3C218324}.Release|Any CPU.Build.0 = Release|Any CPU
	EndGlobalSection
	GlobalSection(SolutionProperties) = preSolution
		HideSolutionNode = FALSE
	EndGlobalSection
	GlobalSection(ExtensibilityGlobals) = postSolution
		SolutionGuid = {DED9D6D2-F317-49B8-ABE4-962FCEA913F2}
	EndGlobalSection
EndGlobal
